// !$*UTF8*$!
{
	archiveVersion = 1;
	classes = {
	};
	objectVersion = 56;
	objects = {

/* Begin PBXBuildFile section */
		A232E16F2A4F1407007599E5 /* SuntechProject_2024App.swift in Sources */ = {isa = PBXBuildFile; fileRef = A232E16E2A4F1407007599E5 /* SuntechProject_2024App.swift */; };
		A232E1712A4F1407007599E5 /* ContentView.swift in Sources */ = {isa = PBXBuildFile; fileRef = A232E1702A4F1407007599E5 /* ContentView.swift */; };
		A232E1732A4F140A007599E5 /* Assets.xcassets in Resources */ = {isa = PBXBuildFile; fileRef = A232E1722A4F140A007599E5 /* Assets.xcassets */; };
		A232E1762A4F140A007599E5 /* Preview Assets.xcassets in Resources */ = {isa = PBXBuildFile; fileRef = A232E1752A4F140A007599E5 /* Preview Assets.xcassets */; };
		A232E1802A4F140A007599E5 /* SuntechProject_2024Tests.swift in Sources */ = {isa = PBXBuildFile; fileRef = A232E17F2A4F140A007599E5 /* SuntechProject_2024Tests.swift */; };
		A232E18A2A4F140A007599E5 /* SuntechProject_2024UITests.swift in Sources */ = {isa = PBXBuildFile; fileRef = A232E1892A4F140A007599E5 /* SuntechProject_2024UITests.swift */; };
		A232E18C2A4F140A007599E5 /* SuntechProject_2024UITestsLaunchTests.swift in Sources */ = {isa = PBXBuildFile; fileRef = A232E18B2A4F140A007599E5 /* SuntechProject_2024UITestsLaunchTests.swift */; };
		A232E1992A4F14A9007599E5 /* LoginView.swift in Sources */ = {isa = PBXBuildFile; fileRef = A232E1982A4F14A9007599E5 /* LoginView.swift */; };
		A232E19C2A4F1545007599E5 /* RswiftLibrary in Frameworks */ = {isa = PBXBuildFile; productRef = A232E19B2A4F1545007599E5 /* RswiftLibrary */; };
		A232E1A32A4F16CD007599E5 /* Color.swift in Sources */ = {isa = PBXBuildFile; fileRef = A232E1A22A4F16CD007599E5 /* Color.swift */; };
		A28113382A5BC1690037E35C /* View++.swift in Sources */ = {isa = PBXBuildFile; fileRef = A28113372A5BC1690037E35C /* View++.swift */; };
		A28113422A5BD71A0037E35C /* AttendanceStatusView.swift in Sources */ = {isa = PBXBuildFile; fileRef = A28113412A5BD71A0037E35C /* AttendanceStatusView.swift */; };
		A28113452A5BE58A0037E35C /* AttendanceStatus.swift in Sources */ = {isa = PBXBuildFile; fileRef = A28113442A5BE58A0037E35C /* AttendanceStatus.swift */; };
		A29C1D652A5288000045FFE2 /* Alamofire in Frameworks */ = {isa = PBXBuildFile; productRef = A29C1D642A5288000045FFE2 /* Alamofire */; };
		A29C1D672A5288350045FFE2 /* LoginViewModel.swift in Sources */ = {isa = PBXBuildFile; fileRef = A29C1D662A5288350045FFE2 /* LoginViewModel.swift */; };
		A29C1D692A5289AF0045FFE2 /* SuntechAPIClient.swift in Sources */ = {isa = PBXBuildFile; fileRef = A29C1D682A5289AF0045FFE2 /* SuntechAPIClient.swift */; };
		A29C1D6E2A528C420045FFE2 /* UserType.swift in Sources */ = {isa = PBXBuildFile; fileRef = A29C1D6D2A528C420045FFE2 /* UserType.swift */; };
		A29C1D712A528C6C0045FFE2 /* Student.swift in Sources */ = {isa = PBXBuildFile; fileRef = A29C1D702A528C6C0045FFE2 /* Student.swift */; };
		A29C1D732A528CE10045FFE2 /* Department.swift in Sources */ = {isa = PBXBuildFile; fileRef = A29C1D722A528CE10045FFE2 /* Department.swift */; };
		A29C1D762A528D2B0045FFE2 /* Teacher.swift in Sources */ = {isa = PBXBuildFile; fileRef = A29C1D752A528D2B0045FFE2 /* Teacher.swift */; };
		A29C1D7D2A528FAE0045FFE2 /* Loggable.swift in Sources */ = {isa = PBXBuildFile; fileRef = A29C1D7C2A528FAE0045FFE2 /* Loggable.swift */; };
		A29C1D872A529F840045FFE2 /* LoginUser.swift in Sources */ = {isa = PBXBuildFile; fileRef = A29C1D862A529F840045FFE2 /* LoginUser.swift */; };
		A29C1D932A52FF7E0045FFE2 /* Class.swift in Sources */ = {isa = PBXBuildFile; fileRef = A29C1D922A52FF7E0045FFE2 /* Class.swift */; };
		A29C1D982A5300750045FFE2 /* DayTimetable.swift in Sources */ = {isa = PBXBuildFile; fileRef = A29C1D972A5300750045FFE2 /* DayTimetable.swift */; };
		A29C1D9A2A5301200045FFE2 /* WeekTimetable.swift in Sources */ = {isa = PBXBuildFile; fileRef = A29C1D992A5301200045FFE2 /* WeekTimetable.swift */; };
		A29C1D9F2A5302960045FFE2 /* TimetableView.swift in Sources */ = {isa = PBXBuildFile; fileRef = A29C1D9E2A5302960045FFE2 /* TimetableView.swift */; };
		A29C1DA32A53036A0045FFE2 /* FSCalendar in Frameworks */ = {isa = PBXBuildFile; productRef = A29C1DA22A53036A0045FFE2 /* FSCalendar */; };
		A29C1DA52A5303940045FFE2 /* FSCalendarView.swift in Sources */ = {isa = PBXBuildFile; fileRef = A29C1DA42A5303940045FFE2 /* FSCalendarView.swift */; };
		A29C1DA72A5304A00045FFE2 /* UIColor.swift in Sources */ = {isa = PBXBuildFile; fileRef = A29C1DA62A5304A00045FFE2 /* UIColor.swift */; };
		A29C1DAA2A53087F0045FFE2 /* FSCalendarViewRepresentable.swift in Sources */ = {isa = PBXBuildFile; fileRef = A29C1DA92A53087F0045FFE2 /* FSCalendarViewRepresentable.swift */; };
		A29C1DAE2A53B0CD0045FFE2 /* LoginUserInfo.swift in Sources */ = {isa = PBXBuildFile; fileRef = A29C1DAD2A53B0CD0045FFE2 /* LoginUserInfo.swift */; };
		A29C1DB32A54EE3C0045FFE2 /* TimetableViewModel.swift in Sources */ = {isa = PBXBuildFile; fileRef = A29C1DB22A54EE3C0045FFE2 /* TimetableViewModel.swift */; };
		A29C1DFA2A59AA4E0045FFE2 /* ClassDetailView.swift in Sources */ = {isa = PBXBuildFile; fileRef = A29C1DF92A59AA4E0045FFE2 /* ClassDetailView.swift */; };
		A29C1DFC2A5BBD7D0045FFE2 /* HalfModalSheetViewController.swift in Sources */ = {isa = PBXBuildFile; fileRef = A29C1DFB2A5BBD7D0045FFE2 /* HalfModalSheetViewController.swift */; };
/* End PBXBuildFile section */

/* Begin PBXContainerItemProxy section */
		A232E17C2A4F140A007599E5 /* PBXContainerItemProxy */ = {
			isa = PBXContainerItemProxy;
			containerPortal = A232E1632A4F1407007599E5 /* Project object */;
			proxyType = 1;
			remoteGlobalIDString = A232E16A2A4F1407007599E5;
			remoteInfo = SuntechProject_2024;
		};
		A232E1862A4F140A007599E5 /* PBXContainerItemProxy */ = {
			isa = PBXContainerItemProxy;
			containerPortal = A232E1632A4F1407007599E5 /* Project object */;
			proxyType = 1;
			remoteGlobalIDString = A232E16A2A4F1407007599E5;
			remoteInfo = SuntechProject_2024;
		};
/* End PBXContainerItemProxy section */

/* Begin PBXFileReference section */
		A232E16B2A4F1407007599E5 /* SuntechProject_2024.app */ = {isa = PBXFileReference; explicitFileType = wrapper.application; includeInIndex = 0; path = SuntechProject_2024.app; sourceTree = BUILT_PRODUCTS_DIR; };
		A232E16E2A4F1407007599E5 /* SuntechProject_2024App.swift */ = {isa = PBXFileReference; lastKnownFileType = sourcecode.swift; path = SuntechProject_2024App.swift; sourceTree = "<group>"; };
		A232E1702A4F1407007599E5 /* ContentView.swift */ = {isa = PBXFileReference; lastKnownFileType = sourcecode.swift; path = ContentView.swift; sourceTree = "<group>"; };
		A232E1722A4F140A007599E5 /* Assets.xcassets */ = {isa = PBXFileReference; lastKnownFileType = folder.assetcatalog; path = Assets.xcassets; sourceTree = "<group>"; };
		A232E1752A4F140A007599E5 /* Preview Assets.xcassets */ = {isa = PBXFileReference; lastKnownFileType = folder.assetcatalog; path = "Preview Assets.xcassets"; sourceTree = "<group>"; };
		A232E17B2A4F140A007599E5 /* SuntechProject_2024Tests.xctest */ = {isa = PBXFileReference; explicitFileType = wrapper.cfbundle; includeInIndex = 0; path = SuntechProject_2024Tests.xctest; sourceTree = BUILT_PRODUCTS_DIR; };
		A232E17F2A4F140A007599E5 /* SuntechProject_2024Tests.swift */ = {isa = PBXFileReference; lastKnownFileType = sourcecode.swift; path = SuntechProject_2024Tests.swift; sourceTree = "<group>"; };
		A232E1852A4F140A007599E5 /* SuntechProject_2024UITests.xctest */ = {isa = PBXFileReference; explicitFileType = wrapper.cfbundle; includeInIndex = 0; path = SuntechProject_2024UITests.xctest; sourceTree = BUILT_PRODUCTS_DIR; };
		A232E1892A4F140A007599E5 /* SuntechProject_2024UITests.swift */ = {isa = PBXFileReference; lastKnownFileType = sourcecode.swift; path = SuntechProject_2024UITests.swift; sourceTree = "<group>"; };
		A232E18B2A4F140A007599E5 /* SuntechProject_2024UITestsLaunchTests.swift */ = {isa = PBXFileReference; lastKnownFileType = sourcecode.swift; path = SuntechProject_2024UITestsLaunchTests.swift; sourceTree = "<group>"; };
		A232E1982A4F14A9007599E5 /* LoginView.swift */ = {isa = PBXFileReference; lastKnownFileType = sourcecode.swift; path = LoginView.swift; sourceTree = "<group>"; };
		A232E1A22A4F16CD007599E5 /* Color.swift */ = {isa = PBXFileReference; lastKnownFileType = sourcecode.swift; path = Color.swift; sourceTree = "<group>"; };
		A28113372A5BC1690037E35C /* View++.swift */ = {isa = PBXFileReference; lastKnownFileType = sourcecode.swift; path = "View++.swift"; sourceTree = "<group>"; };
		A28113412A5BD71A0037E35C /* AttendanceStatusView.swift */ = {isa = PBXFileReference; lastKnownFileType = sourcecode.swift; path = AttendanceStatusView.swift; sourceTree = "<group>"; };
		A28113442A5BE58A0037E35C /* AttendanceStatus.swift */ = {isa = PBXFileReference; lastKnownFileType = sourcecode.swift; path = AttendanceStatus.swift; sourceTree = "<group>"; };
		A29C1D662A5288350045FFE2 /* LoginViewModel.swift */ = {isa = PBXFileReference; lastKnownFileType = sourcecode.swift; path = LoginViewModel.swift; sourceTree = "<group>"; };
		A29C1D682A5289AF0045FFE2 /* SuntechAPIClient.swift */ = {isa = PBXFileReference; lastKnownFileType = sourcecode.swift; path = SuntechAPIClient.swift; sourceTree = "<group>"; };
		A29C1D6D2A528C420045FFE2 /* UserType.swift */ = {isa = PBXFileReference; lastKnownFileType = sourcecode.swift; path = UserType.swift; sourceTree = "<group>"; };
		A29C1D702A528C6C0045FFE2 /* Student.swift */ = {isa = PBXFileReference; lastKnownFileType = sourcecode.swift; path = Student.swift; sourceTree = "<group>"; };
		A29C1D722A528CE10045FFE2 /* Department.swift */ = {isa = PBXFileReference; lastKnownFileType = sourcecode.swift; path = Department.swift; sourceTree = "<group>"; };
		A29C1D752A528D2B0045FFE2 /* Teacher.swift */ = {isa = PBXFileReference; lastKnownFileType = sourcecode.swift; path = Teacher.swift; sourceTree = "<group>"; };
		A29C1D7C2A528FAE0045FFE2 /* Loggable.swift */ = {isa = PBXFileReference; lastKnownFileType = sourcecode.swift; path = Loggable.swift; sourceTree = "<group>"; };
		A29C1D862A529F840045FFE2 /* LoginUser.swift */ = {isa = PBXFileReference; lastKnownFileType = sourcecode.swift; path = LoginUser.swift; sourceTree = "<group>"; };
		A29C1D922A52FF7E0045FFE2 /* Class.swift */ = {isa = PBXFileReference; lastKnownFileType = sourcecode.swift; path = Class.swift; sourceTree = "<group>"; };
		A29C1D972A5300750045FFE2 /* DayTimetable.swift */ = {isa = PBXFileReference; lastKnownFileType = sourcecode.swift; path = DayTimetable.swift; sourceTree = "<group>"; };
		A29C1D992A5301200045FFE2 /* WeekTimetable.swift */ = {isa = PBXFileReference; lastKnownFileType = sourcecode.swift; path = WeekTimetable.swift; sourceTree = "<group>"; };
		A29C1D9E2A5302960045FFE2 /* TimetableView.swift */ = {isa = PBXFileReference; lastKnownFileType = sourcecode.swift; path = TimetableView.swift; sourceTree = "<group>"; };
		A29C1DA42A5303940045FFE2 /* FSCalendarView.swift */ = {isa = PBXFileReference; lastKnownFileType = sourcecode.swift; path = FSCalendarView.swift; sourceTree = "<group>"; };
		A29C1DA62A5304A00045FFE2 /* UIColor.swift */ = {isa = PBXFileReference; lastKnownFileType = sourcecode.swift; path = UIColor.swift; sourceTree = "<group>"; };
		A29C1DA92A53087F0045FFE2 /* FSCalendarViewRepresentable.swift */ = {isa = PBXFileReference; lastKnownFileType = sourcecode.swift; path = FSCalendarViewRepresentable.swift; sourceTree = "<group>"; };
		A29C1DAD2A53B0CD0045FFE2 /* LoginUserInfo.swift */ = {isa = PBXFileReference; lastKnownFileType = sourcecode.swift; path = LoginUserInfo.swift; sourceTree = "<group>"; };
		A29C1DB22A54EE3C0045FFE2 /* TimetableViewModel.swift */ = {isa = PBXFileReference; lastKnownFileType = sourcecode.swift; path = TimetableViewModel.swift; sourceTree = "<group>"; };
		A29C1DF92A59AA4E0045FFE2 /* ClassDetailView.swift */ = {isa = PBXFileReference; lastKnownFileType = sourcecode.swift; path = ClassDetailView.swift; sourceTree = "<group>"; };
		A29C1DFB2A5BBD7D0045FFE2 /* HalfModalSheetViewController.swift */ = {isa = PBXFileReference; lastKnownFileType = sourcecode.swift; path = HalfModalSheetViewController.swift; sourceTree = "<group>"; };
/* End PBXFileReference section */

/* Begin PBXFrameworksBuildPhase section */
		A232E1682A4F1407007599E5 /* Frameworks */ = {
			isa = PBXFrameworksBuildPhase;
			buildActionMask = 2147483647;
			files = (
				A232E19C2A4F1545007599E5 /* RswiftLibrary in Frameworks */,
				A29C1DA32A53036A0045FFE2 /* FSCalendar in Frameworks */,
				A29C1D652A5288000045FFE2 /* Alamofire in Frameworks */,
			);
			runOnlyForDeploymentPostprocessing = 0;
		};
		A232E1782A4F140A007599E5 /* Frameworks */ = {
			isa = PBXFrameworksBuildPhase;
			buildActionMask = 2147483647;
			files = (
			);
			runOnlyForDeploymentPostprocessing = 0;
		};
		A232E1822A4F140A007599E5 /* Frameworks */ = {
			isa = PBXFrameworksBuildPhase;
			buildActionMask = 2147483647;
			files = (
			);
			runOnlyForDeploymentPostprocessing = 0;
		};
/* End PBXFrameworksBuildPhase section */

/* Begin PBXGroup section */
		A232E1622A4F1407007599E5 = {
			isa = PBXGroup;
			children = (
				A232E16D2A4F1407007599E5 /* SuntechProject_2024 */,
				A232E17E2A4F140A007599E5 /* SuntechProject_2024Tests */,
				A232E1882A4F140A007599E5 /* SuntechProject_2024UITests */,
				A232E16C2A4F1407007599E5 /* Products */,
			);
			sourceTree = "<group>";
		};
		A232E16C2A4F1407007599E5 /* Products */ = {
			isa = PBXGroup;
			children = (
				A232E16B2A4F1407007599E5 /* SuntechProject_2024.app */,
				A232E17B2A4F140A007599E5 /* SuntechProject_2024Tests.xctest */,
				A232E1852A4F140A007599E5 /* SuntechProject_2024UITests.xctest */,
			);
			name = Products;
			sourceTree = "<group>";
		};
		A232E16D2A4F1407007599E5 /* SuntechProject_2024 */ = {
			isa = PBXGroup;
			children = (
				A29C1D8A2A52A07E0045FFE2 /* Extension */,
				A29C1D882A52A0560045FFE2 /* Model */,
				A29C1D8E2A52DF720045FFE2 /* UI */,
				A232E16E2A4F1407007599E5 /* SuntechProject_2024App.swift */,
				A232E1702A4F1407007599E5 /* ContentView.swift */,
				A232E1722A4F140A007599E5 /* Assets.xcassets */,
				A232E1742A4F140A007599E5 /* Preview Content */,
			);
			path = SuntechProject_2024;
			sourceTree = "<group>";
		};
		A232E1742A4F140A007599E5 /* Preview Content */ = {
			isa = PBXGroup;
			children = (
				A232E1752A4F140A007599E5 /* Preview Assets.xcassets */,
			);
			path = "Preview Content";
			sourceTree = "<group>";
		};
		A232E17E2A4F140A007599E5 /* SuntechProject_2024Tests */ = {
			isa = PBXGroup;
			children = (
				A232E17F2A4F140A007599E5 /* SuntechProject_2024Tests.swift */,
			);
			path = SuntechProject_2024Tests;
			sourceTree = "<group>";
		};
		A232E1882A4F140A007599E5 /* SuntechProject_2024UITests */ = {
			isa = PBXGroup;
			children = (
				A232E1892A4F140A007599E5 /* SuntechProject_2024UITests.swift */,
				A232E18B2A4F140A007599E5 /* SuntechProject_2024UITestsLaunchTests.swift */,
			);
			path = SuntechProject_2024UITests;
			sourceTree = "<group>";
		};
		A28113432A5BE5740037E35C /* AttendanceStatus */ = {
			isa = PBXGroup;
			children = (
				A28113442A5BE58A0037E35C /* AttendanceStatus.swift */,
			);
			path = AttendanceStatus;
			sourceTree = "<group>";
		};
		A29C1D882A52A0560045FFE2 /* Model */ = {
			isa = PBXGroup;
			children = (
				A28113432A5BE5740037E35C /* AttendanceStatus */,
				A29C1D9C2A5301E10045FFE2 /* Timetable */,
				A29C1D912A52DF8C0045FFE2 /* SuntechAPI */,
				A29C1D8B2A52A08C0045FFE2 /* LoginUser */,
				A29C1DAD2A53B0CD0045FFE2 /* LoginUserInfo.swift */,
			);
			path = Model;
			sourceTree = "<group>";
		};
		A29C1D8A2A52A07E0045FFE2 /* Extension */ = {
			isa = PBXGroup;
			children = (
				A232E1A22A4F16CD007599E5 /* Color.swift */,
				A29C1DA62A5304A00045FFE2 /* UIColor.swift */,
				A28113372A5BC1690037E35C /* View++.swift */,
			);
			path = Extension;
			sourceTree = "<group>";
		};
		A29C1D8B2A52A08C0045FFE2 /* LoginUser */ = {
			isa = PBXGroup;
			children = (
				A29C1D862A529F840045FFE2 /* LoginUser.swift */,
				A29C1D6D2A528C420045FFE2 /* UserType.swift */,
				A29C1D702A528C6C0045FFE2 /* Student.swift */,
				A29C1D752A528D2B0045FFE2 /* Teacher.swift */,
				A29C1D722A528CE10045FFE2 /* Department.swift */,
				A29C1D7C2A528FAE0045FFE2 /* Loggable.swift */,
			);
			path = LoginUser;
			sourceTree = "<group>";
		};
		A29C1D8E2A52DF720045FFE2 /* UI */ = {
			isa = PBXGroup;
			children = (
				A29C1D8F2A52DF7B0045FFE2 /* LoginView */,
				A29C1DB52A54F6E50045FFE2 /* TimetableView */,
				A29C1DA42A5303940045FFE2 /* FSCalendarView.swift */,
				A29C1DA92A53087F0045FFE2 /* FSCalendarViewRepresentable.swift */,
			);
			path = UI;
			sourceTree = "<group>";
		};
		A29C1D8F2A52DF7B0045FFE2 /* LoginView */ = {
			isa = PBXGroup;
			children = (
				A232E1982A4F14A9007599E5 /* LoginView.swift */,
				A29C1D662A5288350045FFE2 /* LoginViewModel.swift */,
			);
			path = LoginView;
			sourceTree = "<group>";
		};
		A29C1D912A52DF8C0045FFE2 /* SuntechAPI */ = {
			isa = PBXGroup;
			children = (
				A29C1D682A5289AF0045FFE2 /* SuntechAPIClient.swift */,
			);
			path = SuntechAPI;
			sourceTree = "<group>";
		};
		A29C1D9C2A5301E10045FFE2 /* Timetable */ = {
			isa = PBXGroup;
			children = (
				A29C1D922A52FF7E0045FFE2 /* Class.swift */,
				A29C1D972A5300750045FFE2 /* DayTimetable.swift */,
				A29C1D992A5301200045FFE2 /* WeekTimetable.swift */,
			);
			path = Timetable;
			sourceTree = "<group>";
		};
		A29C1DB52A54F6E50045FFE2 /* TimetableView */ = {
			isa = PBXGroup;
			children = (
				A29C1D9E2A5302960045FFE2 /* TimetableView.swift */,
				A29C1DB22A54EE3C0045FFE2 /* TimetableViewModel.swift */,
				A29C1DF52A59AA290045FFE2 /* ClassDatailView */,
			);
			path = TimetableView;
			sourceTree = "<group>";
		};
		A29C1DF52A59AA290045FFE2 /* ClassDatailView */ = {
			isa = PBXGroup;
			children = (
				A29C1DF92A59AA4E0045FFE2 /* ClassDetailView.swift */,
				A28113412A5BD71A0037E35C /* AttendanceStatusView.swift */,
				A29C1DFB2A5BBD7D0045FFE2 /* HalfModalSheetViewController.swift */,
			);
			path = ClassDatailView;
			sourceTree = "<group>";
		};
/* End PBXGroup section */

/* Begin PBXNativeTarget section */
		A232E16A2A4F1407007599E5 /* SuntechProject_2024 */ = {
			isa = PBXNativeTarget;
			buildConfigurationList = A232E18F2A4F140A007599E5 /* Build configuration list for PBXNativeTarget "SuntechProject_2024" */;
			buildPhases = (
				A232E1672A4F1407007599E5 /* Sources */,
				A232E1682A4F1407007599E5 /* Frameworks */,
				A232E1692A4F1407007599E5 /* Resources */,
			);
			buildRules = (
			);
			dependencies = (
				A232E19E2A4F156B007599E5 /* PBXTargetDependency */,
			);
			name = SuntechProject_2024;
			packageProductDependencies = (
				A232E19B2A4F1545007599E5 /* RswiftLibrary */,
				A29C1D642A5288000045FFE2 /* Alamofire */,
				A29C1DA22A53036A0045FFE2 /* FSCalendar */,
			);
			productName = SuntechProject_2024;
			productReference = A232E16B2A4F1407007599E5 /* SuntechProject_2024.app */;
			productType = "com.apple.product-type.application";
		};
		A232E17A2A4F140A007599E5 /* SuntechProject_2024Tests */ = {
			isa = PBXNativeTarget;
			buildConfigurationList = A232E1922A4F140A007599E5 /* Build configuration list for PBXNativeTarget "SuntechProject_2024Tests" */;
			buildPhases = (
				A232E1772A4F140A007599E5 /* Sources */,
				A232E1782A4F140A007599E5 /* Frameworks */,
				A232E1792A4F140A007599E5 /* Resources */,
			);
			buildRules = (
			);
			dependencies = (
				A232E17D2A4F140A007599E5 /* PBXTargetDependency */,
			);
			name = SuntechProject_2024Tests;
			productName = SuntechProject_2024Tests;
			productReference = A232E17B2A4F140A007599E5 /* SuntechProject_2024Tests.xctest */;
			productType = "com.apple.product-type.bundle.unit-test";
		};
		A232E1842A4F140A007599E5 /* SuntechProject_2024UITests */ = {
			isa = PBXNativeTarget;
			buildConfigurationList = A232E1952A4F140A007599E5 /* Build configuration list for PBXNativeTarget "SuntechProject_2024UITests" */;
			buildPhases = (
				A232E1812A4F140A007599E5 /* Sources */,
				A232E1822A4F140A007599E5 /* Frameworks */,
				A232E1832A4F140A007599E5 /* Resources */,
			);
			buildRules = (
			);
			dependencies = (
				A232E1872A4F140A007599E5 /* PBXTargetDependency */,
			);
			name = SuntechProject_2024UITests;
			productName = SuntechProject_2024UITests;
			productReference = A232E1852A4F140A007599E5 /* SuntechProject_2024UITests.xctest */;
			productType = "com.apple.product-type.bundle.ui-testing";
		};
/* End PBXNativeTarget section */

/* Begin PBXProject section */
		A232E1632A4F1407007599E5 /* Project object */ = {
			isa = PBXProject;
			attributes = {
				BuildIndependentTargetsInParallel = 1;
				LastSwiftUpdateCheck = 1430;
				LastUpgradeCheck = 1430;
				TargetAttributes = {
					A232E16A2A4F1407007599E5 = {
						CreatedOnToolsVersion = 14.3.1;
					};
					A232E17A2A4F140A007599E5 = {
						CreatedOnToolsVersion = 14.3.1;
						TestTargetID = A232E16A2A4F1407007599E5;
					};
					A232E1842A4F140A007599E5 = {
						CreatedOnToolsVersion = 14.3.1;
						TestTargetID = A232E16A2A4F1407007599E5;
					};
				};
			};
			buildConfigurationList = A232E1662A4F1407007599E5 /* Build configuration list for PBXProject "SuntechProject_2024" */;
			compatibilityVersion = "Xcode 14.0";
			developmentRegion = en;
			hasScannedForEncodings = 0;
			knownRegions = (
				en,
				Base,
			);
			mainGroup = A232E1622A4F1407007599E5;
			packageReferences = (
				A232E19A2A4F1545007599E5 /* XCRemoteSwiftPackageReference "R.swift" */,
				A29C1D632A5288000045FFE2 /* XCRemoteSwiftPackageReference "Alamofire" */,
				A29C1DA12A5303690045FFE2 /* XCRemoteSwiftPackageReference "FSCalendar" */,
			);
			productRefGroup = A232E16C2A4F1407007599E5 /* Products */;
			projectDirPath = "";
			projectRoot = "";
			targets = (
				A232E16A2A4F1407007599E5 /* SuntechProject_2024 */,
				A232E17A2A4F140A007599E5 /* SuntechProject_2024Tests */,
				A232E1842A4F140A007599E5 /* SuntechProject_2024UITests */,
			);
		};
/* End PBXProject section */

/* Begin PBXResourcesBuildPhase section */
		A232E1692A4F1407007599E5 /* Resources */ = {
			isa = PBXResourcesBuildPhase;
			buildActionMask = 2147483647;
			files = (
				A232E1762A4F140A007599E5 /* Preview Assets.xcassets in Resources */,
				A232E1732A4F140A007599E5 /* Assets.xcassets in Resources */,
			);
			runOnlyForDeploymentPostprocessing = 0;
		};
		A232E1792A4F140A007599E5 /* Resources */ = {
			isa = PBXResourcesBuildPhase;
			buildActionMask = 2147483647;
			files = (
			);
			runOnlyForDeploymentPostprocessing = 0;
		};
		A232E1832A4F140A007599E5 /* Resources */ = {
			isa = PBXResourcesBuildPhase;
			buildActionMask = 2147483647;
			files = (
			);
			runOnlyForDeploymentPostprocessing = 0;
		};
/* End PBXResourcesBuildPhase section */

/* Begin PBXSourcesBuildPhase section */
		A232E1672A4F1407007599E5 /* Sources */ = {
			isa = PBXSourcesBuildPhase;
			buildActionMask = 2147483647;
			files = (
				A28113382A5BC1690037E35C /* View++.swift in Sources */,
				A29C1D9F2A5302960045FFE2 /* TimetableView.swift in Sources */,
				A232E1992A4F14A9007599E5 /* LoginView.swift in Sources */,
				A29C1DAE2A53B0CD0045FFE2 /* LoginUserInfo.swift in Sources */,
				A29C1D712A528C6C0045FFE2 /* Student.swift in Sources */,
				A29C1DB32A54EE3C0045FFE2 /* TimetableViewModel.swift in Sources */,
				A28113452A5BE58A0037E35C /* AttendanceStatus.swift in Sources */,
				A29C1D6E2A528C420045FFE2 /* UserType.swift in Sources */,
				A29C1DFA2A59AA4E0045FFE2 /* ClassDetailView.swift in Sources */,
				A28113422A5BD71A0037E35C /* AttendanceStatusView.swift in Sources */,
				A232E1A32A4F16CD007599E5 /* Color.swift in Sources */,
				A29C1D9A2A5301200045FFE2 /* WeekTimetable.swift in Sources */,
				A29C1D982A5300750045FFE2 /* DayTimetable.swift in Sources */,
				A29C1D762A528D2B0045FFE2 /* Teacher.swift in Sources */,
				A232E1712A4F1407007599E5 /* ContentView.swift in Sources */,
				A29C1D872A529F840045FFE2 /* LoginUser.swift in Sources */,
				A29C1D7D2A528FAE0045FFE2 /* Loggable.swift in Sources */,
				A29C1DA52A5303940045FFE2 /* FSCalendarView.swift in Sources */,
				A29C1D732A528CE10045FFE2 /* Department.swift in Sources */,
				A29C1DA72A5304A00045FFE2 /* UIColor.swift in Sources */,
				A29C1D932A52FF7E0045FFE2 /* Class.swift in Sources */,
				A29C1D672A5288350045FFE2 /* LoginViewModel.swift in Sources */,
				A29C1DAA2A53087F0045FFE2 /* FSCalendarViewRepresentable.swift in Sources */,
				A29C1D692A5289AF0045FFE2 /* SuntechAPIClient.swift in Sources */,
				A232E16F2A4F1407007599E5 /* SuntechProject_2024App.swift in Sources */,
				A29C1DFC2A5BBD7D0045FFE2 /* HalfModalSheetViewController.swift in Sources */,
			);
			runOnlyForDeploymentPostprocessing = 0;
		};
		A232E1772A4F140A007599E5 /* Sources */ = {
			isa = PBXSourcesBuildPhase;
			buildActionMask = 2147483647;
			files = (
				A232E1802A4F140A007599E5 /* SuntechProject_2024Tests.swift in Sources */,
			);
			runOnlyForDeploymentPostprocessing = 0;
		};
		A232E1812A4F140A007599E5 /* Sources */ = {
			isa = PBXSourcesBuildPhase;
			buildActionMask = 2147483647;
			files = (
				A232E18A2A4F140A007599E5 /* SuntechProject_2024UITests.swift in Sources */,
				A232E18C2A4F140A007599E5 /* SuntechProject_2024UITestsLaunchTests.swift in Sources */,
			);
			runOnlyForDeploymentPostprocessing = 0;
		};
/* End PBXSourcesBuildPhase section */

/* Begin PBXTargetDependency section */
		A232E17D2A4F140A007599E5 /* PBXTargetDependency */ = {
			isa = PBXTargetDependency;
			target = A232E16A2A4F1407007599E5 /* SuntechProject_2024 */;
			targetProxy = A232E17C2A4F140A007599E5 /* PBXContainerItemProxy */;
		};
		A232E1872A4F140A007599E5 /* PBXTargetDependency */ = {
			isa = PBXTargetDependency;
			target = A232E16A2A4F1407007599E5 /* SuntechProject_2024 */;
			targetProxy = A232E1862A4F140A007599E5 /* PBXContainerItemProxy */;
		};
		A232E19E2A4F156B007599E5 /* PBXTargetDependency */ = {
			isa = PBXTargetDependency;
			productRef = A232E19D2A4F156B007599E5 /* RswiftGenerateInternalResources */;
		};
/* End PBXTargetDependency section */

/* Begin XCBuildConfiguration section */
		A232E18D2A4F140A007599E5 /* Debug */ = {
			isa = XCBuildConfiguration;
			buildSettings = {
				ALWAYS_SEARCH_USER_PATHS = NO;
				CLANG_ANALYZER_NONNULL = YES;
				CLANG_ANALYZER_NUMBER_OBJECT_CONVERSION = YES_AGGRESSIVE;
				CLANG_CXX_LANGUAGE_STANDARD = "gnu++20";
				CLANG_ENABLE_MODULES = YES;
				CLANG_ENABLE_OBJC_ARC = YES;
				CLANG_ENABLE_OBJC_WEAK = YES;
				CLANG_WARN_BLOCK_CAPTURE_AUTORELEASING = YES;
				CLANG_WARN_BOOL_CONVERSION = YES;
				CLANG_WARN_COMMA = YES;
				CLANG_WARN_CONSTANT_CONVERSION = YES;
				CLANG_WARN_DEPRECATED_OBJC_IMPLEMENTATIONS = YES;
				CLANG_WARN_DIRECT_OBJC_ISA_USAGE = YES_ERROR;
				CLANG_WARN_DOCUMENTATION_COMMENTS = YES;
				CLANG_WARN_EMPTY_BODY = YES;
				CLANG_WARN_ENUM_CONVERSION = YES;
				CLANG_WARN_INFINITE_RECURSION = YES;
				CLANG_WARN_INT_CONVERSION = YES;
				CLANG_WARN_NON_LITERAL_NULL_CONVERSION = YES;
				CLANG_WARN_OBJC_IMPLICIT_RETAIN_SELF = YES;
				CLANG_WARN_OBJC_LITERAL_CONVERSION = YES;
				CLANG_WARN_OBJC_ROOT_CLASS = YES_ERROR;
				CLANG_WARN_QUOTED_INCLUDE_IN_FRAMEWORK_HEADER = YES;
				CLANG_WARN_RANGE_LOOP_ANALYSIS = YES;
				CLANG_WARN_STRICT_PROTOTYPES = YES;
				CLANG_WARN_SUSPICIOUS_MOVE = YES;
				CLANG_WARN_UNGUARDED_AVAILABILITY = YES_AGGRESSIVE;
				CLANG_WARN_UNREACHABLE_CODE = YES;
				CLANG_WARN__DUPLICATE_METHOD_MATCH = YES;
				COPY_PHASE_STRIP = NO;
				DEBUG_INFORMATION_FORMAT = dwarf;
				ENABLE_STRICT_OBJC_MSGSEND = YES;
				ENABLE_TESTABILITY = YES;
				GCC_C_LANGUAGE_STANDARD = gnu11;
				GCC_DYNAMIC_NO_PIC = NO;
				GCC_NO_COMMON_BLOCKS = YES;
				GCC_OPTIMIZATION_LEVEL = 0;
				GCC_PREPROCESSOR_DEFINITIONS = (
					"DEBUG=1",
					"$(inherited)",
				);
				GCC_WARN_64_TO_32_BIT_CONVERSION = YES;
				GCC_WARN_ABOUT_RETURN_TYPE = YES_ERROR;
				GCC_WARN_UNDECLARED_SELECTOR = YES;
				GCC_WARN_UNINITIALIZED_AUTOS = YES_AGGRESSIVE;
				GCC_WARN_UNUSED_FUNCTION = YES;
				GCC_WARN_UNUSED_VARIABLE = YES;
				IPHONEOS_DEPLOYMENT_TARGET = 16.4;
				MTL_ENABLE_DEBUG_INFO = INCLUDE_SOURCE;
				MTL_FAST_MATH = YES;
				ONLY_ACTIVE_ARCH = YES;
				SDKROOT = iphoneos;
				SWIFT_ACTIVE_COMPILATION_CONDITIONS = DEBUG;
				SWIFT_OPTIMIZATION_LEVEL = "-Onone";
			};
			name = Debug;
		};
		A232E18E2A4F140A007599E5 /* Release */ = {
			isa = XCBuildConfiguration;
			buildSettings = {
				ALWAYS_SEARCH_USER_PATHS = NO;
				CLANG_ANALYZER_NONNULL = YES;
				CLANG_ANALYZER_NUMBER_OBJECT_CONVERSION = YES_AGGRESSIVE;
				CLANG_CXX_LANGUAGE_STANDARD = "gnu++20";
				CLANG_ENABLE_MODULES = YES;
				CLANG_ENABLE_OBJC_ARC = YES;
				CLANG_ENABLE_OBJC_WEAK = YES;
				CLANG_WARN_BLOCK_CAPTURE_AUTORELEASING = YES;
				CLANG_WARN_BOOL_CONVERSION = YES;
				CLANG_WARN_COMMA = YES;
				CLANG_WARN_CONSTANT_CONVERSION = YES;
				CLANG_WARN_DEPRECATED_OBJC_IMPLEMENTATIONS = YES;
				CLANG_WARN_DIRECT_OBJC_ISA_USAGE = YES_ERROR;
				CLANG_WARN_DOCUMENTATION_COMMENTS = YES;
				CLANG_WARN_EMPTY_BODY = YES;
				CLANG_WARN_ENUM_CONVERSION = YES;
				CLANG_WARN_INFINITE_RECURSION = YES;
				CLANG_WARN_INT_CONVERSION = YES;
				CLANG_WARN_NON_LITERAL_NULL_CONVERSION = YES;
				CLANG_WARN_OBJC_IMPLICIT_RETAIN_SELF = YES;
				CLANG_WARN_OBJC_LITERAL_CONVERSION = YES;
				CLANG_WARN_OBJC_ROOT_CLASS = YES_ERROR;
				CLANG_WARN_QUOTED_INCLUDE_IN_FRAMEWORK_HEADER = YES;
				CLANG_WARN_RANGE_LOOP_ANALYSIS = YES;
				CLANG_WARN_STRICT_PROTOTYPES = YES;
				CLANG_WARN_SUSPICIOUS_MOVE = YES;
				CLANG_WARN_UNGUARDED_AVAILABILITY = YES_AGGRESSIVE;
				CLANG_WARN_UNREACHABLE_CODE = YES;
				CLANG_WARN__DUPLICATE_METHOD_MATCH = YES;
				COPY_PHASE_STRIP = NO;
				DEBUG_INFORMATION_FORMAT = "dwarf-with-dsym";
				ENABLE_NS_ASSERTIONS = NO;
				ENABLE_STRICT_OBJC_MSGSEND = YES;
				GCC_C_LANGUAGE_STANDARD = gnu11;
				GCC_NO_COMMON_BLOCKS = YES;
				GCC_WARN_64_TO_32_BIT_CONVERSION = YES;
				GCC_WARN_ABOUT_RETURN_TYPE = YES_ERROR;
				GCC_WARN_UNDECLARED_SELECTOR = YES;
				GCC_WARN_UNINITIALIZED_AUTOS = YES_AGGRESSIVE;
				GCC_WARN_UNUSED_FUNCTION = YES;
				GCC_WARN_UNUSED_VARIABLE = YES;
				IPHONEOS_DEPLOYMENT_TARGET = 16.4;
				MTL_ENABLE_DEBUG_INFO = NO;
				MTL_FAST_MATH = YES;
				SDKROOT = iphoneos;
				SWIFT_COMPILATION_MODE = wholemodule;
				SWIFT_OPTIMIZATION_LEVEL = "-O";
				VALIDATE_PRODUCT = YES;
			};
			name = Release;
		};
		A232E1902A4F140A007599E5 /* Debug */ = {
			isa = XCBuildConfiguration;
			buildSettings = {
				ASSETCATALOG_COMPILER_APPICON_NAME = AppIcon;
				ASSETCATALOG_COMPILER_GLOBAL_ACCENT_COLOR_NAME = AccentColor;
				CODE_SIGN_STYLE = Automatic;
				CURRENT_PROJECT_VERSION = 1;
				DEVELOPMENT_ASSET_PATHS = "\"SuntechProject_2024/Preview Content\"";
				DEVELOPMENT_TEAM = 74MPPD64FK;
				ENABLE_PREVIEWS = YES;
				GENERATE_INFOPLIST_FILE = YES;
				INFOPLIST_KEY_UIApplicationSceneManifest_Generation = YES;
				INFOPLIST_KEY_UIApplicationSupportsIndirectInputEvents = YES;
				INFOPLIST_KEY_UILaunchScreen_Generation = YES;
				INFOPLIST_KEY_UISupportedInterfaceOrientations_iPad = "UIInterfaceOrientationPortrait UIInterfaceOrientationPortraitUpsideDown UIInterfaceOrientationLandscapeLeft UIInterfaceOrientationLandscapeRight";
				INFOPLIST_KEY_UISupportedInterfaceOrientations_iPhone = "UIInterfaceOrientationPortrait UIInterfaceOrientationLandscapeLeft UIInterfaceOrientationLandscapeRight";
				LD_RUNPATH_SEARCH_PATHS = (
					"$(inherited)",
					"@executable_path/Frameworks",
				);
				MARKETING_VERSION = 1.0;
				PRODUCT_BUNDLE_IDENTIFIER = "com.ryutoiwamoto.SuntechProject-2024";
				PRODUCT_NAME = "$(TARGET_NAME)";
				SWIFT_EMIT_LOC_STRINGS = YES;
				SWIFT_VERSION = 5.0;
				TARGETED_DEVICE_FAMILY = "1,2";
			};
			name = Debug;
		};
		A232E1912A4F140A007599E5 /* Release */ = {
			isa = XCBuildConfiguration;
			buildSettings = {
				ASSETCATALOG_COMPILER_APPICON_NAME = AppIcon;
				ASSETCATALOG_COMPILER_GLOBAL_ACCENT_COLOR_NAME = AccentColor;
				CODE_SIGN_STYLE = Automatic;
				CURRENT_PROJECT_VERSION = 1;
				DEVELOPMENT_ASSET_PATHS = "\"SuntechProject_2024/Preview Content\"";
				DEVELOPMENT_TEAM = 74MPPD64FK;
				ENABLE_PREVIEWS = YES;
				GENERATE_INFOPLIST_FILE = YES;
				INFOPLIST_KEY_UIApplicationSceneManifest_Generation = YES;
				INFOPLIST_KEY_UIApplicationSupportsIndirectInputEvents = YES;
				INFOPLIST_KEY_UILaunchScreen_Generation = YES;
				INFOPLIST_KEY_UISupportedInterfaceOrientations_iPad = "UIInterfaceOrientationPortrait UIInterfaceOrientationPortraitUpsideDown UIInterfaceOrientationLandscapeLeft UIInterfaceOrientationLandscapeRight";
				INFOPLIST_KEY_UISupportedInterfaceOrientations_iPhone = "UIInterfaceOrientationPortrait UIInterfaceOrientationLandscapeLeft UIInterfaceOrientationLandscapeRight";
				LD_RUNPATH_SEARCH_PATHS = (
					"$(inherited)",
					"@executable_path/Frameworks",
				);
				MARKETING_VERSION = 1.0;
				PRODUCT_BUNDLE_IDENTIFIER = "com.ryutoiwamoto.SuntechProject-2024";
				PRODUCT_NAME = "$(TARGET_NAME)";
				SWIFT_EMIT_LOC_STRINGS = YES;
				SWIFT_VERSION = 5.0;
				TARGETED_DEVICE_FAMILY = "1,2";
			};
			name = Release;
		};
		A232E1932A4F140A007599E5 /* Debug */ = {
			isa = XCBuildConfiguration;
			buildSettings = {
				ALWAYS_EMBED_SWIFT_STANDARD_LIBRARIES = YES;
				BUNDLE_LOADER = "$(TEST_HOST)";
				CODE_SIGN_STYLE = Automatic;
				CURRENT_PROJECT_VERSION = 1;
				DEVELOPMENT_TEAM = 74MPPD64FK;
				GENERATE_INFOPLIST_FILE = YES;
				IPHONEOS_DEPLOYMENT_TARGET = 16.4;
				MARKETING_VERSION = 1.0;
				PRODUCT_BUNDLE_IDENTIFIER = "com.ryutoiwamoto.SuntechProject-2024Tests";
				PRODUCT_NAME = "$(TARGET_NAME)";
				SWIFT_EMIT_LOC_STRINGS = NO;
				SWIFT_VERSION = 5.0;
				TARGETED_DEVICE_FAMILY = "1,2";
				TEST_HOST = "$(BUILT_PRODUCTS_DIR)/SuntechProject_2024.app/$(BUNDLE_EXECUTABLE_FOLDER_PATH)/SuntechProject_2024";
			};
			name = Debug;
		};
		A232E1942A4F140A007599E5 /* Release */ = {
			isa = XCBuildConfiguration;
			buildSettings = {
				ALWAYS_EMBED_SWIFT_STANDARD_LIBRARIES = YES;
				BUNDLE_LOADER = "$(TEST_HOST)";
				CODE_SIGN_STYLE = Automatic;
				CURRENT_PROJECT_VERSION = 1;
				DEVELOPMENT_TEAM = 74MPPD64FK;
				GENERATE_INFOPLIST_FILE = YES;
				IPHONEOS_DEPLOYMENT_TARGET = 16.4;
				MARKETING_VERSION = 1.0;
				PRODUCT_BUNDLE_IDENTIFIER = "com.ryutoiwamoto.SuntechProject-2024Tests";
				PRODUCT_NAME = "$(TARGET_NAME)";
				SWIFT_EMIT_LOC_STRINGS = NO;
				SWIFT_VERSION = 5.0;
				TARGETED_DEVICE_FAMILY = "1,2";
				TEST_HOST = "$(BUILT_PRODUCTS_DIR)/SuntechProject_2024.app/$(BUNDLE_EXECUTABLE_FOLDER_PATH)/SuntechProject_2024";
			};
			name = Release;
		};
		A232E1962A4F140A007599E5 /* Debug */ = {
			isa = XCBuildConfiguration;
			buildSettings = {
				ALWAYS_EMBED_SWIFT_STANDARD_LIBRARIES = YES;
				CODE_SIGN_STYLE = Automatic;
				CURRENT_PROJECT_VERSION = 1;
				DEVELOPMENT_TEAM = 74MPPD64FK;
				GENERATE_INFOPLIST_FILE = YES;
				MARKETING_VERSION = 1.0;
				PRODUCT_BUNDLE_IDENTIFIER = "com.ryutoiwamoto.SuntechProject-2024UITests";
				PRODUCT_NAME = "$(TARGET_NAME)";
				SWIFT_EMIT_LOC_STRINGS = NO;
				SWIFT_VERSION = 5.0;
				TARGETED_DEVICE_FAMILY = "1,2";
				TEST_TARGET_NAME = SuntechProject_2024;
			};
			name = Debug;
		};
		A232E1972A4F140A007599E5 /* Release */ = {
			isa = XCBuildConfiguration;
			buildSettings = {
				ALWAYS_EMBED_SWIFT_STANDARD_LIBRARIES = YES;
				CODE_SIGN_STYLE = Automatic;
				CURRENT_PROJECT_VERSION = 1;
				DEVELOPMENT_TEAM = 74MPPD64FK;
				GENERATE_INFOPLIST_FILE = YES;
				MARKETING_VERSION = 1.0;
				PRODUCT_BUNDLE_IDENTIFIER = "com.ryutoiwamoto.SuntechProject-2024UITests";
				PRODUCT_NAME = "$(TARGET_NAME)";
				SWIFT_EMIT_LOC_STRINGS = NO;
				SWIFT_VERSION = 5.0;
				TARGETED_DEVICE_FAMILY = "1,2";
				TEST_TARGET_NAME = SuntechProject_2024;
			};
			name = Release;
		};
/* End XCBuildConfiguration section */

/* Begin XCConfigurationList section */
		A232E1662A4F1407007599E5 /* Build configuration list for PBXProject "SuntechProject_2024" */ = {
			isa = XCConfigurationList;
			buildConfigurations = (
				A232E18D2A4F140A007599E5 /* Debug */,
				A232E18E2A4F140A007599E5 /* Release */,
			);
			defaultConfigurationIsVisible = 0;
			defaultConfigurationName = Release;
		};
		A232E18F2A4F140A007599E5 /* Build configuration list for PBXNativeTarget "SuntechProject_2024" */ = {
			isa = XCConfigurationList;
			buildConfigurations = (
				A232E1902A4F140A007599E5 /* Debug */,
				A232E1912A4F140A007599E5 /* Release */,
			);
			defaultConfigurationIsVisible = 0;
			defaultConfigurationName = Release;
		};
		A232E1922A4F140A007599E5 /* Build configuration list for PBXNativeTarget "SuntechProject_2024Tests" */ = {
			isa = XCConfigurationList;
			buildConfigurations = (
				A232E1932A4F140A007599E5 /* Debug */,
				A232E1942A4F140A007599E5 /* Release */,
			);
			defaultConfigurationIsVisible = 0;
			defaultConfigurationName = Release;
		};
		A232E1952A4F140A007599E5 /* Build configuration list for PBXNativeTarget "SuntechProject_2024UITests" */ = {
			isa = XCConfigurationList;
			buildConfigurations = (
				A232E1962A4F140A007599E5 /* Debug */,
				A232E1972A4F140A007599E5 /* Release */,
			);
			defaultConfigurationIsVisible = 0;
			defaultConfigurationName = Release;
		};
/* End XCConfigurationList section */

/* Begin XCRemoteSwiftPackageReference section */
		A232E19A2A4F1545007599E5 /* XCRemoteSwiftPackageReference "R.swift" */ = {
			isa = XCRemoteSwiftPackageReference;
			repositoryURL = "https://github.com/mac-cain13/R.swift.git";
			requirement = {
				kind = upToNextMajorVersion;
				minimumVersion = 7.0.0;
			};
		};
		A29C1D632A5288000045FFE2 /* XCRemoteSwiftPackageReference "Alamofire" */ = {
			isa = XCRemoteSwiftPackageReference;
			repositoryURL = "https://github.com/Alamofire/Alamofire.git";
			requirement = {
				kind = upToNextMajorVersion;
				minimumVersion = 5.0.0;
			};
		};
		A29C1DA12A5303690045FFE2 /* XCRemoteSwiftPackageReference "FSCalendar" */ = {
			isa = XCRemoteSwiftPackageReference;
			repositoryURL = "https://github.com/WenchaoD/FSCalendar.git";
			requirement = {
				kind = upToNextMajorVersion;
				minimumVersion = 2.0.0;
			};
		};
/* End XCRemoteSwiftPackageReference section */

/* Begin XCSwiftPackageProductDependency section */
		A232E19B2A4F1545007599E5 /* RswiftLibrary */ = {
			isa = XCSwiftPackageProductDependency;
			package = A232E19A2A4F1545007599E5 /* XCRemoteSwiftPackageReference "R.swift" */;
			productName = RswiftLibrary;
		};
		A232E19D2A4F156B007599E5 /* RswiftGenerateInternalResources */ = {
			isa = XCSwiftPackageProductDependency;
			productName = "plugin:RswiftGenerateInternalResources";
		};
		A29C1D642A5288000045FFE2 /* Alamofire */ = {
			isa = XCSwiftPackageProductDependency;
			package = A29C1D632A5288000045FFE2 /* XCRemoteSwiftPackageReference "Alamofire" */;
			productName = Alamofire;
		};
		A29C1DA22A53036A0045FFE2 /* FSCalendar */ = {
			isa = XCSwiftPackageProductDependency;
			package = A29C1DA12A5303690045FFE2 /* XCRemoteSwiftPackageReference "FSCalendar" */;
			productName = FSCalendar;
		};
/* End XCSwiftPackageProductDependency section */
	};
	rootObject = A232E1632A4F1407007599E5 /* Project object */;
}
